# This file is automatically @generated by Cargo.
# It is not intended for manual editing.
version = 4

[[package]]
name = "payment_service"
version = "0.1.0"
dependencies = [
 "stdpp",
]

[[package]]
name = "rpp"
version = "0.1.0"

[[package]]
name = "rustpp-attributes"
version = "0.1.0"

[[package]]
name = "stdpp"
version = "0.1.0"
dependencies = [
 "rustpp-attributes",
]
